
Microsoft Visual Studio Solution File, Format Version 12.00
# Visual Studio Version 17
VisualStudioVersion = 17.4.33205.214
MinimumVisualStudioVersion = 10.0.40219.1
Project("{FAE04EC0-301F-11D3-BF4B-00C04F79EFBC}") = "StudentApplication", "StudentApplication\StudentApplication.csproj", "{5FF63096-0205-4408-801C-734D357B6DAD}"
EndProject
Global
	GlobalSection(SolutionConfigurationPlatforms) = preSolution
		Debug|Any CPU = Debug|Any CPU
		Release|Any CPU = Release|Any CPU
	EndGlobalSection
	GlobalSection(ProjectConfigurationPlatforms) = postSolution
		{5FF63096-0205-4408-801C-734D357B6DAD}.Debug|Any CPU.ActiveCfg = Debug|Any CPU
		{5FF63096-0205-4408-801C-734D357B6DAD}.Debug|Any CPU.Build.0 = Debug|Any CPU
		{5FF63096-0205-4408-801C-734D357B6DAD}.Release|Any CPU.ActiveCfg = Release|Any CPU
		{5FF63096-0205-4408-801C-734D357B6DAD}.Release|Any CPU.Build.0 = Release|Any CPU
	EndGlobalSection
	GlobalSection(SolutionProperties) = preSolution
		HideSolutionNode = FALSE
	EndGlobalSection
	GlobalSection(ExtensibilityGlobals) = postSolution
		SolutionGuid = {716E669C-272C-4E0D-9086-75A4A8041DB7}
	EndGlobalSection
EndGlobal
